// !$*UTF8*$!
{
	archiveVersion = 1;
	classes = {
	};
	objectVersion = 55;
	objects = {

/* Begin PBXBuildFile section */
		C55CA2A92972D40D00F105BC /* AppDelegate.swift in Sources */ = {isa = PBXBuildFile; fileRef = C55CA2A82972D40D00F105BC /* AppDelegate.swift */; };
		C55CA2AB2972D40D00F105BC /* SceneDelegate.swift in Sources */ = {isa = PBXBuildFile; fileRef = C55CA2AA2972D40D00F105BC /* SceneDelegate.swift */; };
		C55CA2AD2972D40D00F105BC /* ViewController.swift in Sources */ = {isa = PBXBuildFile; fileRef = C55CA2AC2972D40D00F105BC /* ViewController.swift */; };
		C55CA2B02972D40D00F105BC /* Main.storyboard in Resources */ = {isa = PBXBuildFile; fileRef = C55CA2AE2972D40D00F105BC /* Main.storyboard */; };
		C55CA2B22972D40F00F105BC /* Assets.xcassets in Resources */ = {isa = PBXBuildFile; fileRef = C55CA2B12972D40F00F105BC /* Assets.xcassets */; };
		C55CA2B52972D40F00F105BC /* LaunchScreen.storyboard in Resources */ = {isa = PBXBuildFile; fileRef = C55CA2B32972D40F00F105BC /* LaunchScreen.storyboard */; };
		C5640BAE2972E3B300248D99 /* JokeModel.swift in Sources */ = {isa = PBXBuildFile; fileRef = C5640BAD2972E3B300248D99 /* JokeModel.swift */; };
		C5640BB02972E3E800248D99 /* JokeController.swift in Sources */ = {isa = PBXBuildFile; fileRef = C5640BAF2972E3E800248D99 /* JokeController.swift */; };
		C5640BB22972E44400248D99 /* NetworkLayer.swift in Sources */ = {isa = PBXBuildFile; fileRef = C5640BB12972E44400248D99 /* NetworkLayer.swift */; };
		D7865F2E86F62D5AF3010EF6 /* Pods_4month4homework_4.framework in Frameworks */ = {isa = PBXBuildFile; fileRef = F074AA053959DA5F30AF82B3 /* Pods_4month4homework_4.framework */; };
/* End PBXBuildFile section */

/* Begin PBXFileReference section */
		4992880AE75BE94C7E937F5B /* Pods-4month4homework.4.release.xcconfig */ = {isa = PBXFileReference; includeInIndex = 1; lastKnownFileType = text.xcconfig; name = "Pods-4month4homework.4.release.xcconfig"; path = "Target Support Files/Pods-4month4homework.4/Pods-4month4homework.4.release.xcconfig"; sourceTree = "<group>"; };
		8207D6062045C1CE5B1D8A75 /* Pods-4month4homework.4.debug.xcconfig */ = {isa = PBXFileReference; includeInIndex = 1; lastKnownFileType = text.xcconfig; name = "Pods-4month4homework.4.debug.xcconfig"; path = "Target Support Files/Pods-4month4homework.4/Pods-4month4homework.4.debug.xcconfig"; sourceTree = "<group>"; };
		C55CA2A52972D40D00F105BC /* 4month4homework.4.app */ = {isa = PBXFileReference; explicitFileType = wrapper.application; includeInIndex = 0; path = 4month4homework.4.app; sourceTree = BUILT_PRODUCTS_DIR; };
		C55CA2A82972D40D00F105BC /* AppDelegate.swift */ = {isa = PBXFileReference; lastKnownFileType = sourcecode.swift; path = AppDelegate.swift; sourceTree = "<group>"; };
		C55CA2AA2972D40D00F105BC /* SceneDelegate.swift */ = {isa = PBXFileReference; lastKnownFileType = sourcecode.swift; path = SceneDelegate.swift; sourceTree = "<group>"; };
		C55CA2AC2972D40D00F105BC /* ViewController.swift */ = {isa = PBXFileReference; lastKnownFileType = sourcecode.swift; path = ViewController.swift; sourceTree = "<group>"; };
		C55CA2AF2972D40D00F105BC /* Base */ = {isa = PBXFileReference; lastKnownFileType = file.storyboard; name = Base; path = Base.lproj/Main.storyboard; sourceTree = "<group>"; };
		C55CA2B12972D40F00F105BC /* Assets.xcassets */ = {isa = PBXFileReference; lastKnownFileType = folder.assetcatalog; path = Assets.xcassets; sourceTree = "<group>"; };
		C55CA2B42972D40F00F105BC /* Base */ = {isa = PBXFileReference; lastKnownFileType = file.storyboard; name = Base; path = Base.lproj/LaunchScreen.storyboard; sourceTree = "<group>"; };
		C55CA2B62972D40F00F105BC /* Info.plist */ = {isa = PBXFileReference; lastKnownFileType = text.plist.xml; path = Info.plist; sourceTree = "<group>"; };
		C5640BAD2972E3B300248D99 /* JokeModel.swift */ = {isa = PBXFileReference; lastKnownFileType = sourcecode.swift; path = JokeModel.swift; sourceTree = "<group>"; };
		C5640BAF2972E3E800248D99 /* JokeController.swift */ = {isa = PBXFileReference; lastKnownFileType = sourcecode.swift; path = JokeController.swift; sourceTree = "<group>"; };
		C5640BB12972E44400248D99 /* NetworkLayer.swift */ = {isa = PBXFileReference; lastKnownFileType = sourcecode.swift; path = NetworkLayer.swift; sourceTree = "<group>"; };
		F074AA053959DA5F30AF82B3 /* Pods_4month4homework_4.framework */ = {isa = PBXFileReference; explicitFileType = wrapper.framework; includeInIndex = 0; path = Pods_4month4homework_4.framework; sourceTree = BUILT_PRODUCTS_DIR; };
/* End PBXFileReference section */

/* Begin PBXFrameworksBuildPhase section */
		C55CA2A22972D40D00F105BC /* Frameworks */ = {
			isa = PBXFrameworksBuildPhase;
			buildActionMask = 2147483647;
			files = (
				D7865F2E86F62D5AF3010EF6 /* Pods_4month4homework_4.framework in Frameworks */,
			);
			runOnlyForDeploymentPostprocessing = 0;
		};
/* End PBXFrameworksBuildPhase section */

/* Begin PBXGroup section */
		13AEA1595993146244022480 /* Pods */ = {
			isa = PBXGroup;
			children = (
				8207D6062045C1CE5B1D8A75 /* Pods-4month4homework.4.debug.xcconfig */,
				4992880AE75BE94C7E937F5B /* Pods-4month4homework.4.release.xcconfig */,
			);
			path = Pods;
			sourceTree = "<group>";
		};
		C55CA29C2972D40D00F105BC = {
			isa = PBXGroup;
			children = (
				C55CA2A72972D40D00F105BC /* 4month4homework.4 */,
				C55CA2A62972D40D00F105BC /* Products */,
				13AEA1595993146244022480 /* Pods */,
				EEBC3AB6CFE773C994C6E1A8 /* Frameworks */,
			);
			sourceTree = "<group>";
		};
		C55CA2A62972D40D00F105BC /* Products */ = {
			isa = PBXGroup;
			children = (
				C55CA2A52972D40D00F105BC /* 4month4homework.4.app */,
			);
			name = Products;
			sourceTree = "<group>";
		};
		C55CA2A72972D40D00F105BC /* 4month4homework.4 */ = {
			isa = PBXGroup;
			children = (
				C55CA2A82972D40D00F105BC /* AppDelegate.swift */,
				C55CA2AA2972D40D00F105BC /* SceneDelegate.swift */,
				C55CA2AC2972D40D00F105BC /* ViewController.swift */,
				C55CA2AE2972D40D00F105BC /* Main.storyboard */,
				C55CA2B12972D40F00F105BC /* Assets.xcassets */,
				C55CA2B32972D40F00F105BC /* LaunchScreen.storyboard */,
				C55CA2B62972D40F00F105BC /* Info.plist */,
				C5640BAD2972E3B300248D99 /* JokeModel.swift */,
				C5640BAF2972E3E800248D99 /* JokeController.swift */,
				C5640BB12972E44400248D99 /* NetworkLayer.swift */,
			);
			path = 4month4homework.4;
			sourceTree = "<group>";
		};
		EEBC3AB6CFE773C994C6E1A8 /* Frameworks */ = {
			isa = PBXGroup;
			children = (
				F074AA053959DA5F30AF82B3 /* Pods_4month4homework_4.framework */,
			);
			name = Frameworks;
			sourceTree = "<group>";
		};
/* End PBXGroup section */

/* Begin PBXNativeTarget section */
		C55CA2A42972D40D00F105BC /* 4month4homework.4 */ = {
			isa = PBXNativeTarget;
			buildConfigurationList = C55CA2B92972D40F00F105BC /* Build configuration list for PBXNativeTarget "4month4homework.4" */;
			buildPhases = (
				7433F52B77FF3BA51BA17F20 /* [CP] Check Pods Manifest.lock */,
				C55CA2A12972D40D00F105BC /* Sources */,
				C55CA2A22972D40D00F105BC /* Frameworks */,
				C55CA2A32972D40D00F105BC /* Resources */,
				86D521D30C32279514571466 /* [CP] Embed Pods Frameworks */,
			);
			buildRules = (
			);
			dependencies = (
			);
			name = 4month4homework.4;
			productName = 4month4homework.4;
			productReference = C55CA2A52972D40D00F105BC /* 4month4homework.4.app */;
			productType = "com.apple.product-type.application";
		};
/* End PBXNativeTarget section */

/* Begin PBXProject section */
		C55CA29D2972D40D00F105BC /* Project object */ = {
			isa = PBXProject;
			attributes = {
				BuildIndependentTargetsInParallel = 1;
				LastSwiftUpdateCheck = 1340;
				LastUpgradeCheck = 1340;
				TargetAttributes = {
					C55CA2A42972D40D00F105BC = {
						CreatedOnToolsVersion = 13.4.1;
					};
				};
			};
			buildConfigurationList = C55CA2A02972D40D00F105BC /* Build configuration list for PBXProject "4month4homework.4" */;
			compatibilityVersion = "Xcode 13.0";
			developmentRegion = en;
			hasScannedForEncodings = 0;
			knownRegions = (
				en,
				Base,
			);
			mainGroup = C55CA29C2972D40D00F105BC;
			productRefGroup = C55CA2A62972D40D00F105BC /* Products */;
			projectDirPath = "";
			projectRoot = "";
			targets = (
				C55CA2A42972D40D00F105BC /* 4month4homework.4 */,
			);
		};
/* End PBXProject section */

/* Begin PBXResourcesBuildPhase section */
		C55CA2A32972D40D00F105BC /* Resources */ = {
			isa = PBXResourcesBuildPhase;
			buildActionMask = 2147483647;
			files = (
				C55CA2B52972D40F00F105BC /* LaunchScreen.storyboard in Resources */,
				C55CA2B22972D40F00F105BC /* Assets.xcassets in Resources */,
				C55CA2B02972D40D00F105BC /* Main.storyboard in Resources */,
			);
			runOnlyForDeploymentPostprocessing = 0;
		};
/* End PBXResourcesBuildPhase section */

/* Begin PBXShellScriptBuildPhase section */
		7433F52B77FF3BA51BA17F20 /* [CP] Check Pods Manifest.lock */ = {
			isa = PBXShellScriptBuildPhase;
			buildActionMask = 2147483647;
			files = (
			);
			inputFileListPaths = (
			);
			inputPaths = (
				"${PODS_PODFILE_DIR_PATH}/Podfile.lock",
				"${PODS_ROOT}/Manifest.lock",
			);
			name = "[CP] Check Pods Manifest.lock";
			outputFileListPaths = (
			);
			outputPaths = (
				"$(DERIVED_FILE_DIR)/Pods-4month4homework.4-checkManifestLockResult.txt",
			);
			runOnlyForDeploymentPostprocessing = 0;
			shellPath = /bin/sh;
			shellScript = "diff \"${PODS_PODFILE_DIR_PATH}/Podfile.lock\" \"${PODS_ROOT}/Manifest.lock\" > /dev/null\nif [ $? != 0 ] ; then\n    # print error to STDERR\n    echo \"error: The sandbox is not in sync with the Podfile.lock. Run 'pod install' or update your CocoaPods installation.\" >&2\n    exit 1\nfi\n# This output is used by Xcode 'outputs' to avoid re-running this script phase.\necho \"SUCCESS\" > \"${SCRIPT_OUTPUT_FILE_0}\"\n";
			showEnvVarsInLog = 0;
		};
		86D521D30C32279514571466 /* [CP] Embed Pods Frameworks */ = {
			isa = PBXShellScriptBuildPhase;
			buildActionMask = 2147483647;
			files = (
			);
			inputFileListPaths = (
				"${PODS_ROOT}/Target Support Files/Pods-4month4homework.4/Pods-4month4homework.4-frameworks-${CONFIGURATION}-input-files.xcfilelist",
			);
			name = "[CP] Embed Pods Frameworks";
			outputFileListPaths = (
				"${PODS_ROOT}/Target Support Files/Pods-4month4homework.4/Pods-4month4homework.4-frameworks-${CONFIGURATION}-output-files.xcfilelist",
			);
			runOnlyForDeploymentPostprocessing = 0;
			shellPath = /bin/sh;
			shellScript = "\"${PODS_ROOT}/Target Support Files/Pods-4month4homework.4/Pods-4month4homework.4-frameworks.sh\"\n";
			showEnvVarsInLog = 0;
		};
/* End PBXShellScriptBuildPhase section */

/* Begin PBXSourcesBuildPhase section */
		C55CA2A12972D40D00F105BC /* Sources */ = {
			isa = PBXSourcesBuildPhase;
			buildActionMask = 2147483647;
			files = (
				C5640BB22972E44400248D99 /* NetworkLayer.swift in Sources */,
				C5640BAE2972E3B300248D99 /* JokeModel.swift in Sources */,
				C55CA2AD2972D40D00F105BC /* ViewController.swift in Sources */,
				C5640BB02972E3E800248D99 /* JokeController.swift in Sources */,
				C55CA2A92972D40D00F105BC /* AppDelegate.swift in Sources */,
				C55CA2AB2972D40D00F105BC /* SceneDelegate.swift in Sources */,
			);
			runOnlyForDeploymentPostprocessing = 0;
		};
/* End PBXSourcesBuildPhase section */

/* Begin PBXVariantGroup section */
		C55CA2AE2972D40D00F105BC /* Main.storyboard */ = {
			isa = PBXVariantGroup;
			children = (
				C55CA2AF2972D40D00F105BC /* Base */,
			);
			name = Main.storyboard;
			sourceTree = "<group>";
		};
		C55CA2B32972D40F00F105BC /* LaunchScreen.storyboard */ = {
			isa = PBXVariantGroup;
			children = (
				C55CA2B42972D40F00F105BC /* Base */,
			);
			name = LaunchScreen.storyboard;
			sourceTree = "<group>";
		};
/* End PBXVariantGroup section */

/* Begin XCBuildConfiguration section */
		C55CA2B72972D40F00F105BC /* Debug */ = {
			isa = XCBuildConfiguration;
			buildSettings = {
				ALWAYS_SEARCH_USER_PATHS = NO;
				CLANG_ANALYZER_NONNULL = YES;
				CLANG_ANALYZER_NUMBER_OBJECT_CONVERSION = YES_AGGRESSIVE;
				CLANG_CXX_LANGUAGE_STANDARD = "gnu++17";
				CLANG_ENABLE_MODULES = YES;
				CLANG_ENABLE_OBJC_ARC = YES;
				CLANG_ENABLE_OBJC_WEAK = YES;
				CLANG_WARN_BLOCK_CAPTURE_AUTORELEASING = YES;
				CLANG_WARN_BOOL_CONVERSION = YES;
				CLANG_WARN_COMMA = YES;
				CLANG_WARN_CONSTANT_CONVERSION = YES;
				CLANG_WARN_DEPRECATED_OBJC_IMPLEMENTATIONS = YES;
				CLANG_WARN_DIRECT_OBJC_ISA_USAGE = YES_ERROR;
				CLANG_WARN_DOCUMENTATION_COMMENTS = YES;
				CLANG_WARN_EMPTY_BODY = YES;
				CLANG_WARN_ENUM_CONVERSION = YES;
				CLANG_WARN_INFINITE_RECURSION = YES;
				CLANG_WARN_INT_CONVERSION = YES;
				CLANG_WARN_NON_LITERAL_NULL_CONVERSION = YES;
				CLANG_WARN_OBJC_IMPLICIT_RETAIN_SELF = YES;
				CLANG_WARN_OBJC_LITERAL_CONVERSION = YES;
				CLANG_WARN_OBJC_ROOT_CLASS = YES_ERROR;
				CLANG_WARN_QUOTED_INCLUDE_IN_FRAMEWORK_HEADER = YES;
				CLANG_WARN_RANGE_LOOP_ANALYSIS = YES;
				CLANG_WARN_STRICT_PROTOTYPES = YES;
				CLANG_WARN_SUSPICIOUS_MOVE = YES;
				CLANG_WARN_UNGUARDED_AVAILABILITY = YES_AGGRESSIVE;
				CLANG_WARN_UNREACHABLE_CODE = YES;
				CLANG_WARN__DUPLICATE_METHOD_MATCH = YES;
				COPY_PHASE_STRIP = NO;
				DEBUG_INFORMATION_FORMAT = dwarf;
				ENABLE_STRICT_OBJC_MSGSEND = YES;
				ENABLE_TESTABILITY = YES;
				GCC_C_LANGUAGE_STANDARD = gnu11;
				GCC_DYNAMIC_NO_PIC = NO;
				GCC_NO_COMMON_BLOCKS = YES;
				GCC_OPTIMIZATION_LEVEL = 0;
				GCC_PREPROCESSOR_DEFINITIONS = (
					"DEBUG=1",
					"$(inherited)",
				);
				GCC_WARN_64_TO_32_BIT_CONVERSION = YES;
				GCC_WARN_ABOUT_RETURN_TYPE = YES_ERROR;
				GCC_WARN_UNDECLARED_SELECTOR = YES;
				GCC_WARN_UNINITIALIZED_AUTOS = YES_AGGRESSIVE;
				GCC_WARN_UNUSED_FUNCTION = YES;
				GCC_WARN_UNUSED_VARIABLE = YES;
				IPHONEOS_DEPLOYMENT_TARGET = 15.5;
				MTL_ENABLE_DEBUG_INFO = INCLUDE_SOURCE;
				MTL_FAST_MATH = YES;
				ONLY_ACTIVE_ARCH = YES;
				SDKROOT = iphoneos;
				SWIFT_ACTIVE_COMPILATION_CONDITIONS = DEBUG;
				SWIFT_OPTIMIZATION_LEVEL = "-Onone";
			};
			name = Debug;
		};
		C55CA2B82972D40F00F105BC /* Release */ = {
			isa = XCBuildConfiguration;
			buildSettings = {
				ALWAYS_SEARCH_USER_PATHS = NO;
				CLANG_ANALYZER_NONNULL = YES;
				CLANG_ANALYZER_NUMBER_OBJECT_CONVERSION = YES_AGGRESSIVE;
				CLANG_CXX_LANGUAGE_STANDARD = "gnu++17";
				CLANG_ENABLE_MODULES = YES;
				CLANG_ENABLE_OBJC_ARC = YES;
				CLANG_ENABLE_OBJC_WEAK = YES;
				CLANG_WARN_BLOCK_CAPTURE_AUTORELEASING = YES;
				CLANG_WARN_BOOL_CONVERSION = YES;
				CLANG_WARN_COMMA = YES;
				CLANG_WARN_CONSTANT_CONVERSION = YES;
				CLANG_WARN_DEPRECATED_OBJC_IMPLEMENTATIONS = YES;
				CLANG_WARN_DIRECT_OBJC_ISA_USAGE = YES_ERROR;
				CLANG_WARN_DOCUMENTATION_COMMENTS = YES;
				CLANG_WARN_EMPTY_BODY = YES;
				CLANG_WARN_ENUM_CONVERSION = YES;
				CLANG_WARN_INFINITE_RECURSION = YES;
				CLANG_WARN_INT_CONVERSION = YES;
				CLANG_WARN_NON_LITERAL_NULL_CONVERSION = YES;
				CLANG_WARN_OBJC_IMPLICIT_RETAIN_SELF = YES;
				CLANG_WARN_OBJC_LITERAL_CONVERSION = YES;
				CLANG_WARN_OBJC_ROOT_CLASS = YES_ERROR;
				CLANG_WARN_QUOTED_INCLUDE_IN_FRAMEWORK_HEADER = YES;
				CLANG_WARN_RANGE_LOOP_ANALYSIS = YES;
				CLANG_WARN_STRICT_PROTOTYPES = YES;
				CLANG_WARN_SUSPICIOUS_MOVE = YES;
				CLANG_WARN_UNGUARDED_AVAILABILITY = YES_AGGRESSIVE;
				CLANG_WARN_UNREACHABLE_CODE = YES;
				CLANG_WARN__DUPLICATE_METHOD_MATCH = YES;
				COPY_PHASE_STRIP = NO;
				DEBUG_INFORMATION_FORMAT = "dwarf-with-dsym";
				ENABLE_NS_ASSERTIONS = NO;
				ENABLE_STRICT_OBJC_MSGSEND = YES;
				GCC_C_LANGUAGE_STANDARD = gnu11;
				GCC_NO_COMMON_BLOCKS = YES;
				GCC_WARN_64_TO_32_BIT_CONVERSION = YES;
				GCC_WARN_ABOUT_RETURN_TYPE = YES_ERROR;
				GCC_WARN_UNDECLARED_SELECTOR = YES;
				GCC_WARN_UNINITIALIZED_AUTOS = YES_AGGRESSIVE;
				GCC_WARN_UNUSED_FUNCTION = YES;
				GCC_WARN_UNUSED_VARIABLE = YES;
				IPHONEOS_DEPLOYMENT_TARGET = 15.5;
				MTL_ENABLE_DEBUG_INFO = NO;
				MTL_FAST_MATH = YES;
				SDKROOT = iphoneos;
				SWIFT_COMPILATION_MODE = wholemodule;
				SWIFT_OPTIMIZATION_LEVEL = "-O";
				VALIDATE_PRODUCT = YES;
			};
			name = Release;
		};
		C55CA2BA2972D40F00F105BC /* Debug */ = {
			isa = XCBuildConfiguration;
			baseConfigurationReference = 8207D6062045C1CE5B1D8A75 /* Pods-4month4homework.4.debug.xcconfig */;
			buildSettings = {
				ASSETCATALOG_COMPILER_APPICON_NAME = AppIcon;
				ASSETCATALOG_COMPILER_GLOBAL_ACCENT_COLOR_NAME = AccentColor;
				CODE_SIGN_STYLE = Automatic;
				CURRENT_PROJECT_VERSION = 1;
				DEVELOPMENT_TEAM = X944PHT9ZP;
				GENERATE_INFOPLIST_FILE = YES;
				INFOPLIST_FILE = 4month4homework.4/Info.plist;
				INFOPLIST_KEY_UIApplicationSupportsIndirectInputEvents = YES;
				INFOPLIST_KEY_UILaunchStoryboardName = LaunchScreen;
				INFOPLIST_KEY_UIMainStoryboardFile = Main;
				INFOPLIST_KEY_UISupportedInterfaceOrientations_iPad = "UIInterfaceOrientationPortrait UIInterfaceOrientationPortraitUpsideDown UIInterfaceOrientationLandscapeLeft UIInterfaceOrientationLandscapeRight";
				INFOPLIST_KEY_UISupportedInterfaceOrientations_iPhone = "UIInterfaceOrientationPortrait UIInterfaceOrientationLandscapeLeft UIInterfaceOrientationLandscapeRight";
				LD_RUNPATH_SEARCH_PATHS = (
					"$(inherited)",
					"@executable_path/Frameworks",
				);
				MARKETING_VERSION = 1.0;
				PRODUCT_BUNDLE_IDENTIFIER = "geektech.com.-month4homework-4";
				PRODUCT_NAME = "$(TARGET_NAME)";
				SWIFT_EMIT_LOC_STRINGS = YES;
				SWIFT_VERSION = 5.0;
				TARGETED_DEVICE_FAMILY = "1,2";
			};
			name = Debug;
		};
		C55CA2BB2972D40F00F105BC /* Release */ = {
			isa = XCBuildConfiguration;
			baseConfigurationReference = 4992880AE75BE94C7E937F5B /* Pods-4month4homework.4.release.xcconfig */;
			buildSettings = {
				ASSETCATALOG_COMPILER_APPICON_NAME = AppIcon;
				ASSETCATALOG_COMPILER_GLOBAL_ACCENT_COLOR_NAME = AccentColor;
				CODE_SIGN_STYLE = Automatic;
				CURRENT_PROJECT_VERSION = 1;
				DEVELOPMENT_TEAM = X944PHT9ZP;
				GENERATE_INFOPLIST_FILE = YES;
				INFOPLIST_FILE = 4month4homework.4/Info.plist;
				INFOPLIST_KEY_UIApplicationSupportsIndirectInputEvents = YES;
				INFOPLIST_KEY_UILaunchStoryboardName = LaunchScreen;
				INFOPLIST_KEY_UIMainStoryboardFile = Main;
				INFOPLIST_KEY_UISupportedInterfaceOrientations_iPad = "UIInterfaceOrientationPortrait UIInterfaceOrientationPortraitUpsideDown UIInterfaceOrientationLandscapeLeft UIInterfaceOrientationLandscapeRight";
				INFOPLIST_KEY_UISupportedInterfaceOrientations_iPhone = "UIInterfaceOrientationPortrait UIInterfaceOrientationLandscapeLeft UIInterfaceOrientationLandscapeRight";
				LD_RUNPATH_SEARCH_PATHS = (
					"$(inherited)",
					"@executable_path/Frameworks",
				);
				MARKETING_VERSION = 1.0;
				PRODUCT_BUNDLE_IDENTIFIER = "geektech.com.-month4homework-4";
				PRODUCT_NAME = "$(TARGET_NAME)";
				SWIFT_EMIT_LOC_STRINGS = YES;
				SWIFT_VERSION = 5.0;
				TARGETED_DEVICE_FAMILY = "1,2";
			};
			name = Release;
		};
/* End XCBuildConfiguration section */

/* Begin XCConfigurationList section */
		C55CA2A02972D40D00F105BC /* Build configuration list for PBXProject "4month4homework.4" */ = {
			isa = XCConfigurationList;
			buildConfigurations = (
				C55CA2B72972D40F00F105BC /* Debug */,
				C55CA2B82972D40F00F105BC /* Release */,
			);
			defaultConfigurationIsVisible = 0;
			defaultConfigurationName = Release;
		};
		C55CA2B92972D40F00F105BC /* Build configuration list for PBXNativeTarget "4month4homework.4" */ = {
			isa = XCConfigurationList;
			buildConfigurations = (
				C55CA2BA2972D40F00F105BC /* Debug */,
				C55CA2BB2972D40F00F105BC /* Release */,
			);
			defaultConfigurationIsVisible = 0;
			defaultConfigurationName = Release;
		};
/* End XCConfigurationList section */
	};
	rootObject = C55CA29D2972D40D00F105BC /* Project object */;
}
